
Microsoft Visual Studio Solution File, Format Version 12.00
# Visual Studio Version 17
VisualStudioVersion = 17.9.34723.18
MinimumVisualStudioVersion = 10.0.40219.1
Project("{FAE04EC0-301F-11D3-BF4B-00C04F79EFBC}") = "Message", "Message\Message.csproj", "{A10F32BB-7E33-4669-BA08-C61DDE6DD65C}"
EndProject
Project("{FAE04EC0-301F-11D3-BF4B-00C04F79EFBC}") = "User", "User\User.csproj", "{610F65D3-614B-4409-AF76-6DE0EF06C301}"
EndProject
Global
	GlobalSection(SolutionConfigurationPlatforms) = preSolution
		Debug|Any CPU = Debug|Any CPU
		Release|Any CPU = Release|Any CPU
	EndGlobalSection
	GlobalSection(ProjectConfigurationPlatforms) = postSolution
		{A10F32BB-7E33-4669-BA08-C61DDE6DD65C}.Debug|Any CPU.ActiveCfg = Debug|Any CPU
		{A10F32BB-7E33-4669-BA08-C61DDE6DD65C}.Debug|Any CPU.Build.0 = Debug|Any CPU
		{A10F32BB-7E33-4669-BA08-C61DDE6DD65C}.Release|Any CPU.ActiveCfg = Release|Any CPU
		{A10F32BB-7E33-4669-BA08-C61DDE6DD65C}.Release|Any CPU.Build.0 = Release|Any CPU
		{610F65D3-614B-4409-AF76-6DE0EF06C301}.Debug|Any CPU.ActiveCfg = Debug|Any CPU
		{610F65D3-614B-4409-AF76-6DE0EF06C301}.Debug|Any CPU.Build.0 = Debug|Any CPU
		{610F65D3-614B-4409-AF76-6DE0EF06C301}.Release|Any CPU.ActiveCfg = Release|Any CPU
		{610F65D3-614B-4409-AF76-6DE0EF06C301}.Release|Any CPU.Build.0 = Release|Any CPU
	EndGlobalSection
	GlobalSection(SolutionProperties) = preSolution
		HideSolutionNode = FALSE
	EndGlobalSection
	GlobalSection(ExtensibilityGlobals) = postSolution
		SolutionGuid = {448FF4E8-5518-4479-A93C-6A6BD5F553F1}
	EndGlobalSection
EndGlobal
