
Microsoft Visual Studio Solution File, Format Version 12.00
# Visual Studio Version 17
VisualStudioVersion = 17.9.34723.18
MinimumVisualStudioVersion = 10.0.40219.1
Project("{9A19103F-16F7-4668-BE54-9A1E7A4F7556}") = "Message", "Message\Message.csproj", "{A10F32BB-7E33-4669-BA08-C61DDE6DD65C}"
EndProject
Project("{9A19103F-16F7-4668-BE54-9A1E7A4F7556}") = "User", "User\User.csproj", "{610F65D3-614B-4409-AF76-6DE0EF06C301}"
EndProject
Project("{9A19103F-16F7-4668-BE54-9A1E7A4F7556}") = "CheckUnputDataLibrary", "CheckUnputDataLibrary\CheckUnputDataLibrary.csproj", "{5902885D-5CCC-4C5D-BAD1-A00610F892DF}"
EndProject
Project("{9A19103F-16F7-4668-BE54-9A1E7A4F7556}") = "ApiGateway", "ApiGateway\ApiGateway.csproj", "{DE0AE3B6-250D-4A15-97C6-76708131A5B5}"
	ProjectSection(ProjectDependencies) = postProject
		{610F65D3-614B-4409-AF76-6DE0EF06C301} = {610F65D3-614B-4409-AF76-6DE0EF06C301}
		{A10F32BB-7E33-4669-BA08-C61DDE6DD65C} = {A10F32BB-7E33-4669-BA08-C61DDE6DD65C}
	EndProjectSection
EndProject
Project("{9A19103F-16F7-4668-BE54-9A1E7A4F7556}") = "SolutionTests", "SolutionTests\SolutionTests.csproj", "{494CE8FA-DAAE-4451-8DD2-76916F4CC649}"
EndProject
Global
	GlobalSection(SolutionConfigurationPlatforms) = preSolution
		Debug|Any CPU = Debug|Any CPU
		Release|Any CPU = Release|Any CPU
	EndGlobalSection
	GlobalSection(ProjectConfigurationPlatforms) = postSolution
		{A10F32BB-7E33-4669-BA08-C61DDE6DD65C}.Debug|Any CPU.ActiveCfg = Debug|Any CPU
		{A10F32BB-7E33-4669-BA08-C61DDE6DD65C}.Debug|Any CPU.Build.0 = Debug|Any CPU
		{A10F32BB-7E33-4669-BA08-C61DDE6DD65C}.Release|Any CPU.ActiveCfg = Release|Any CPU
		{A10F32BB-7E33-4669-BA08-C61DDE6DD65C}.Release|Any CPU.Build.0 = Release|Any CPU
		{610F65D3-614B-4409-AF76-6DE0EF06C301}.Debug|Any CPU.ActiveCfg = Debug|Any CPU
		{610F65D3-614B-4409-AF76-6DE0EF06C301}.Debug|Any CPU.Build.0 = Debug|Any CPU
		{610F65D3-614B-4409-AF76-6DE0EF06C301}.Release|Any CPU.ActiveCfg = Release|Any CPU
		{610F65D3-614B-4409-AF76-6DE0EF06C301}.Release|Any CPU.Build.0 = Release|Any CPU
		{5902885D-5CCC-4C5D-BAD1-A00610F892DF}.Debug|Any CPU.ActiveCfg = Debug|Any CPU
		{5902885D-5CCC-4C5D-BAD1-A00610F892DF}.Debug|Any CPU.Build.0 = Debug|Any CPU
		{5902885D-5CCC-4C5D-BAD1-A00610F892DF}.Release|Any CPU.ActiveCfg = Release|Any CPU
		{5902885D-5CCC-4C5D-BAD1-A00610F892DF}.Release|Any CPU.Build.0 = Release|Any CPU
		{DE0AE3B6-250D-4A15-97C6-76708131A5B5}.Debug|Any CPU.ActiveCfg = Debug|Any CPU
		{DE0AE3B6-250D-4A15-97C6-76708131A5B5}.Debug|Any CPU.Build.0 = Debug|Any CPU
		{DE0AE3B6-250D-4A15-97C6-76708131A5B5}.Release|Any CPU.ActiveCfg = Release|Any CPU
		{DE0AE3B6-250D-4A15-97C6-76708131A5B5}.Release|Any CPU.Build.0 = Release|Any CPU
		{494CE8FA-DAAE-4451-8DD2-76916F4CC649}.Debug|Any CPU.ActiveCfg = Debug|Any CPU
		{494CE8FA-DAAE-4451-8DD2-76916F4CC649}.Debug|Any CPU.Build.0 = Debug|Any CPU
		{494CE8FA-DAAE-4451-8DD2-76916F4CC649}.Release|Any CPU.ActiveCfg = Release|Any CPU
		{494CE8FA-DAAE-4451-8DD2-76916F4CC649}.Release|Any CPU.Build.0 = Release|Any CPU
	EndGlobalSection
	GlobalSection(SolutionProperties) = preSolution
		HideSolutionNode = FALSE
	EndGlobalSection
	GlobalSection(ExtensibilityGlobals) = postSolution
		SolutionGuid = {448FF4E8-5518-4479-A93C-6A6BD5F553F1}
	EndGlobalSection
EndGlobal
